// !$*UTF8*$!
{
	archiveVersion = 1;
	classes = {
	};
	objectVersion = 46;
	objects = {

/* Begin PBXBuildFile section */
		034E50381E81881B00D64117 /* EditingUtilities.swift in Sources */ = {isa = PBXBuildFile; fileRef = 034E50371E81881B00D64117 /* EditingUtilities.swift */; };
		03705A151E7747190081AE75 /* AppDelegate.swift in Sources */ = {isa = PBXBuildFile; fileRef = 03705A141E7747190081AE75 /* AppDelegate.swift */; };
		03705A171E7747190081AE75 /* EditingViewController.swift in Sources */ = {isa = PBXBuildFile; fileRef = 03705A161E7747190081AE75 /* EditingViewController.swift */; };
		03705A1A1E7747190081AE75 /* Main.storyboard in Resources */ = {isa = PBXBuildFile; fileRef = 03705A181E7747190081AE75 /* Main.storyboard */; };
		03705A1C1E7747190081AE75 /* Assets.xcassets in Resources */ = {isa = PBXBuildFile; fileRef = 03705A1B1E7747190081AE75 /* Assets.xcassets */; };
		03705A1F1E7747190081AE75 /* LaunchScreen.storyboard in Resources */ = {isa = PBXBuildFile; fileRef = 03705A1D1E7747190081AE75 /* LaunchScreen.storyboard */; };
		03F0DE441E7C98D400D012B3 /* ViewController.swift in Sources */ = {isa = PBXBuildFile; fileRef = 03F0DE421E7C98D400D012B3 /* ViewController.swift */; };
		7F974826CF6D801C3E47ED1D /* Pods_VideoEditingController.framework in Frameworks */ = {isa = PBXBuildFile; fileRef = ACBF9592A1E8419D08B8CA56 /* Pods_VideoEditingController.framework */; };
/* End PBXBuildFile section */

/* Begin PBXFileReference section */
		034E50371E81881B00D64117 /* EditingUtilities.swift */ = {isa = PBXFileReference; fileEncoding = 4; lastKnownFileType = sourcecode.swift; path = EditingUtilities.swift; sourceTree = "<group>"; };
		03705A111E7747190081AE75 /* VideoEditingController.app */ = {isa = PBXFileReference; explicitFileType = wrapper.application; includeInIndex = 0; path = VideoEditingController.app; sourceTree = BUILT_PRODUCTS_DIR; };
		03705A141E7747190081AE75 /* AppDelegate.swift */ = {isa = PBXFileReference; lastKnownFileType = sourcecode.swift; path = AppDelegate.swift; sourceTree = "<group>"; };
		03705A161E7747190081AE75 /* EditingViewController.swift */ = {isa = PBXFileReference; lastKnownFileType = sourcecode.swift; path = EditingViewController.swift; sourceTree = "<group>"; };
		03705A191E7747190081AE75 /* Base */ = {isa = PBXFileReference; lastKnownFileType = file.storyboard; name = Base; path = Base.lproj/Main.storyboard; sourceTree = "<group>"; };
		03705A1B1E7747190081AE75 /* Assets.xcassets */ = {isa = PBXFileReference; lastKnownFileType = folder.assetcatalog; path = Assets.xcassets; sourceTree = "<group>"; };
		03705A1E1E7747190081AE75 /* Base */ = {isa = PBXFileReference; lastKnownFileType = file.storyboard; name = Base; path = Base.lproj/LaunchScreen.storyboard; sourceTree = "<group>"; };
		03705A201E7747190081AE75 /* Info.plist */ = {isa = PBXFileReference; lastKnownFileType = text.plist.xml; path = Info.plist; sourceTree = "<group>"; };
		03F0DE421E7C98D400D012B3 /* ViewController.swift */ = {isa = PBXFileReference; fileEncoding = 4; lastKnownFileType = sourcecode.swift; name = ViewController.swift; path = ../ViewController.swift; sourceTree = "<group>"; };
		24DEC7CDE96A247C0C475E11 /* Pods-VideoEditingController.release.xcconfig */ = {isa = PBXFileReference; includeInIndex = 1; lastKnownFileType = text.xcconfig; name = "Pods-VideoEditingController.release.xcconfig"; path = "Pods/Target Support Files/Pods-VideoEditingController/Pods-VideoEditingController.release.xcconfig"; sourceTree = "<group>"; };
		3BB491B4B71BEFE67375BB08 /* Pods-VideoEditingController.debug.xcconfig */ = {isa = PBXFileReference; includeInIndex = 1; lastKnownFileType = text.xcconfig; name = "Pods-VideoEditingController.debug.xcconfig"; path = "Pods/Target Support Files/Pods-VideoEditingController/Pods-VideoEditingController.debug.xcconfig"; sourceTree = "<group>"; };
		ACBF9592A1E8419D08B8CA56 /* Pods_VideoEditingController.framework */ = {isa = PBXFileReference; explicitFileType = wrapper.framework; includeInIndex = 0; path = Pods_VideoEditingController.framework; sourceTree = BUILT_PRODUCTS_DIR; };
/* End PBXFileReference section */

/* Begin PBXFrameworksBuildPhase section */
		03705A0E1E7747190081AE75 /* Frameworks */ = {
			isa = PBXFrameworksBuildPhase;
			buildActionMask = 2147483647;
			files = (
				7F974826CF6D801C3E47ED1D /* Pods_VideoEditingController.framework in Frameworks */,
			);
			runOnlyForDeploymentPostprocessing = 0;
		};
/* End PBXFrameworksBuildPhase section */

/* Begin PBXGroup section */
		03705A081E7747190081AE75 = {
			isa = PBXGroup;
			children = (
				03705A131E7747190081AE75 /* VideoEditingController */,
				03705A121E7747190081AE75 /* Products */,
				EAF2DBB1BC278FAC4C7B9620 /* Pods */,
				54DDBB9928E643F318ECF8AA /* Frameworks */,
			);
			sourceTree = "<group>";
		};
		03705A121E7747190081AE75 /* Products */ = {
			isa = PBXGroup;
			children = (
				03705A111E7747190081AE75 /* VideoEditingController.app */,
			);
			name = Products;
			sourceTree = "<group>";
		};
		03705A131E7747190081AE75 /* VideoEditingController */ = {
			isa = PBXGroup;
			children = (
				03705A141E7747190081AE75 /* AppDelegate.swift */,
				03705A161E7747190081AE75 /* EditingViewController.swift */,
				034E50371E81881B00D64117 /* EditingUtilities.swift */,
				03F0DE421E7C98D400D012B3 /* ViewController.swift */,
				03705A181E7747190081AE75 /* Main.storyboard */,
				03705A1B1E7747190081AE75 /* Assets.xcassets */,
				03705A1D1E7747190081AE75 /* LaunchScreen.storyboard */,
				03705A201E7747190081AE75 /* Info.plist */,
			);
			path = VideoEditingController;
			sourceTree = "<group>";
		};
		54DDBB9928E643F318ECF8AA /* Frameworks */ = {
			isa = PBXGroup;
			children = (
				ACBF9592A1E8419D08B8CA56 /* Pods_VideoEditingController.framework */,
			);
			name = Frameworks;
			sourceTree = "<group>";
		};
		EAF2DBB1BC278FAC4C7B9620 /* Pods */ = {
			isa = PBXGroup;
			children = (
				3BB491B4B71BEFE67375BB08 /* Pods-VideoEditingController.debug.xcconfig */,
				24DEC7CDE96A247C0C475E11 /* Pods-VideoEditingController.release.xcconfig */,
			);
			name = Pods;
			sourceTree = "<group>";
		};
/* End PBXGroup section */

/* Begin PBXNativeTarget section */
		03705A101E7747190081AE75 /* VideoEditingController */ = {
			isa = PBXNativeTarget;
			buildConfigurationList = 03705A231E7747190081AE75 /* Build configuration list for PBXNativeTarget "VideoEditingController" */;
			buildPhases = (
				417C7B4FDC1FFF258B2CBC12 /* [CP] Check Pods Manifest.lock */,
				03705A0D1E7747190081AE75 /* Sources */,
				03705A0E1E7747190081AE75 /* Frameworks */,
				03705A0F1E7747190081AE75 /* Resources */,
				330B776D3EE263726F602E64 /* [CP] Embed Pods Frameworks */,
				CAD45635FDC1A63503194942 /* [CP] Copy Pods Resources */,
			);
			buildRules = (
			);
			dependencies = (
			);
			name = VideoEditingController;
			productName = VideoEditingController;
			productReference = 03705A111E7747190081AE75 /* VideoEditingController.app */;
			productType = "com.apple.product-type.application";
		};
/* End PBXNativeTarget section */

/* Begin PBXProject section */
		03705A091E7747190081AE75 /* Project object */ = {
			isa = PBXProject;
			attributes = {
				LastSwiftUpdateCheck = 0810;
				LastUpgradeCheck = 0810;
				ORGANIZATIONNAME = "Josh Motley";
				TargetAttributes = {
					03705A101E7747190081AE75 = {
						CreatedOnToolsVersion = 8.1;
						DevelopmentTeam = MK5EHZ24M9;
						ProvisioningStyle = Automatic;
					};
				};
			};
			buildConfigurationList = 03705A0C1E7747190081AE75 /* Build configuration list for PBXProject "VideoEditingController" */;
			compatibilityVersion = "Xcode 3.2";
			developmentRegion = English;
			hasScannedForEncodings = 0;
			knownRegions = (
				en,
				Base,
			);
			mainGroup = 03705A081E7747190081AE75;
			productRefGroup = 03705A121E7747190081AE75 /* Products */;
			projectDirPath = "";
			projectRoot = "";
			targets = (
				03705A101E7747190081AE75 /* VideoEditingController */,
			);
		};
/* End PBXProject section */

/* Begin PBXResourcesBuildPhase section */
		03705A0F1E7747190081AE75 /* Resources */ = {
			isa = PBXResourcesBuildPhase;
			buildActionMask = 2147483647;
			files = (
				03705A1F1E7747190081AE75 /* LaunchScreen.storyboard in Resources */,
				03705A1C1E7747190081AE75 /* Assets.xcassets in Resources */,
				03705A1A1E7747190081AE75 /* Main.storyboard in Resources */,
			);
			runOnlyForDeploymentPostprocessing = 0;
		};
/* End PBXResourcesBuildPhase section */

/* Begin PBXShellScriptBuildPhase section */
		330B776D3EE263726F602E64 /* [CP] Embed Pods Frameworks */ = {
			isa = PBXShellScriptBuildPhase;
			buildActionMask = 2147483647;
			files = (
			);
			inputPaths = (
			);
			name = "[CP] Embed Pods Frameworks";
			outputPaths = (
			);
			runOnlyForDeploymentPostprocessing = 0;
			shellPath = /bin/sh;
			shellScript = "\"${SRCROOT}/Pods/Target Support Files/Pods-VideoEditingController/Pods-VideoEditingController-frameworks.sh\"\n";
			showEnvVarsInLog = 0;
		};
		417C7B4FDC1FFF258B2CBC12 /* [CP] Check Pods Manifest.lock */ = {
			isa = PBXShellScriptBuildPhase;
			buildActionMask = 2147483647;
			files = (
			);
			inputPaths = (
			);
			name = "[CP] Check Pods Manifest.lock";
			outputPaths = (
			);
			runOnlyForDeploymentPostprocessing = 0;
			shellPath = /bin/sh;
			shellScript = "diff \"${PODS_ROOT}/../Podfile.lock\" \"${PODS_ROOT}/Manifest.lock\" > /dev/null\nif [ $? != 0 ] ; then\n    # print error to STDERR\n    echo \"error: The sandbox is not in sync with the Podfile.lock. Run 'pod install' or update your CocoaPods installation.\" >&2\n    exit 1\nfi\n";
			showEnvVarsInLog = 0;
		};
		CAD45635FDC1A63503194942 /* [CP] Copy Pods Resources */ = {
			isa = PBXShellScriptBuildPhase;
			buildActionMask = 2147483647;
			files = (
			);
			inputPaths = (
			);
			name = "[CP] Copy Pods Resources";
			outputPaths = (
			);
			runOnlyForDeploymentPostprocessing = 0;
			shellPath = /bin/sh;
			shellScript = "\"${SRCROOT}/Pods/Target Support Files/Pods-VideoEditingController/Pods-VideoEditingController-resources.sh\"\n";
			showEnvVarsInLog = 0;
		};
/* End PBXShellScriptBuildPhase section */

/* Begin PBXSourcesBuildPhase section */
		03705A0D1E7747190081AE75 /* Sources */ = {
			isa = PBXSourcesBuildPhase;
			buildActionMask = 2147483647;
			files = (
				03F0DE441E7C98D400D012B3 /* ViewController.swift in Sources */,
				034E50381E81881B00D64117 /* EditingUtilities.swift in Sources */,
				03705A171E7747190081AE75 /* EditingViewController.swift in Sources */,
				03705A151E7747190081AE75 /* AppDelegate.swift in Sources */,
			);
			runOnlyForDeploymentPostprocessing = 0;
		};
/* End PBXSourcesBuildPhase section */

/* Begin PBXVariantGroup section */
		03705A181E7747190081AE75 /* Main.storyboard */ = {
			isa = PBXVariantGroup;
			children = (
				03705A191E7747190081AE75 /* Base */,
			);
			name = Main.storyboard;
			sourceTree = "<group>";
		};
		03705A1D1E7747190081AE75 /* LaunchScreen.storyboard */ = {
			isa = PBXVariantGroup;
			children = (
				03705A1E1E7747190081AE75 /* Base */,
			);
			name = LaunchScreen.storyboard;
			sourceTree = "<group>";
		};
/* End PBXVariantGroup section */

/* Begin XCBuildConfiguration section */
		03705A211E7747190081AE75 /* Debug */ = {
			isa = XCBuildConfiguration;
			buildSettings = {
				ALWAYS_SEARCH_USER_PATHS = NO;
				CLANG_ANALYZER_NONNULL = YES;
				CLANG_CXX_LANGUAGE_STANDARD = "gnu++0x";
				CLANG_CXX_LIBRARY = "libc++";
				CLANG_ENABLE_MODULES = YES;
				CLANG_ENABLE_OBJC_ARC = YES;
				CLANG_WARN_BOOL_CONVERSION = YES;
				CLANG_WARN_CONSTANT_CONVERSION = YES;
				CLANG_WARN_DIRECT_OBJC_ISA_USAGE = YES_ERROR;
				CLANG_WARN_DOCUMENTATION_COMMENTS = YES;
				CLANG_WARN_EMPTY_BODY = YES;
				CLANG_WARN_ENUM_CONVERSION = YES;
				CLANG_WARN_INFINITE_RECURSION = YES;
				CLANG_WARN_INT_CONVERSION = YES;
				CLANG_WARN_OBJC_ROOT_CLASS = YES_ERROR;
				CLANG_WARN_SUSPICIOUS_MOVES = YES;
				CLANG_WARN_UNREACHABLE_CODE = YES;
				CLANG_WARN__DUPLICATE_METHOD_MATCH = YES;
				"CODE_SIGN_IDENTITY[sdk=iphoneos*]" = "iPhone Developer";
				COPY_PHASE_STRIP = NO;
				DEBUG_INFORMATION_FORMAT = dwarf;
				ENABLE_STRICT_OBJC_MSGSEND = YES;
				ENABLE_TESTABILITY = YES;
				GCC_C_LANGUAGE_STANDARD = gnu99;
				GCC_DYNAMIC_NO_PIC = NO;
				GCC_NO_COMMON_BLOCKS = YES;
				GCC_OPTIMIZATION_LEVEL = 0;
				GCC_PREPROCESSOR_DEFINITIONS = (
					"DEBUG=1",
					"$(inherited)",
				);
				GCC_WARN_64_TO_32_BIT_CONVERSION = YES;
				GCC_WARN_ABOUT_RETURN_TYPE = YES_ERROR;
				GCC_WARN_UNDECLARED_SELECTOR = YES;
				GCC_WARN_UNINITIALIZED_AUTOS = YES_AGGRESSIVE;
				GCC_WARN_UNUSED_FUNCTION = YES;
				GCC_WARN_UNUSED_VARIABLE = YES;
				IPHONEOS_DEPLOYMENT_TARGET = 10.1;
				MTL_ENABLE_DEBUG_INFO = YES;
				ONLY_ACTIVE_ARCH = YES;
				SDKROOT = iphoneos;
				SWIFT_ACTIVE_COMPILATION_CONDITIONS = DEBUG;
				SWIFT_OPTIMIZATION_LEVEL = "-O";
				TARGETED_DEVICE_FAMILY = "1,2";
			};
			name = Debug;
		};
		03705A221E7747190081AE75 /* Release */ = {
			isa = XCBuildConfiguration;
			buildSettings = {
				ALWAYS_SEARCH_USER_PATHS = NO;
				CLANG_ANALYZER_NONNULL = YES;
				CLANG_CXX_LANGUAGE_STANDARD = "gnu++0x";
				CLANG_CXX_LIBRARY = "libc++";
				CLANG_ENABLE_MODULES = YES;
				CLANG_ENABLE_OBJC_ARC = YES;
				CLANG_WARN_BOOL_CONVERSION = YES;
				CLANG_WARN_CONSTANT_CONVERSION = YES;
				CLANG_WARN_DIRECT_OBJC_ISA_USAGE = YES_ERROR;
				CLANG_WARN_DOCUMENTATION_COMMENTS = YES;
				CLANG_WARN_EMPTY_BODY = YES;
				CLANG_WARN_ENUM_CONVERSION = YES;
				CLANG_WARN_INFINITE_RECURSION = YES;
				CLANG_WARN_INT_CONVERSION = YES;
				CLANG_WARN_OBJC_ROOT_CLASS = YES_ERROR;
				CLANG_WARN_SUSPICIOUS_MOVES = YES;
				CLANG_WARN_UNREACHABLE_CODE = YES;
				CLANG_WARN__DUPLICATE_METHOD_MATCH = YES;
				"CODE_SIGN_IDENTITY[sdk=iphoneos*]" = "iPhone Developer";
				COPY_PHASE_STRIP = NO;
				DEBUG_INFORMATION_FORMAT = "dwarf-with-dsym";
				ENABLE_NS_ASSERTIONS = NO;
				ENABLE_STRICT_OBJC_MSGSEND = YES;
				GCC_C_LANGUAGE_STANDARD = gnu99;
				GCC_NO_COMMON_BLOCKS = YES;
				GCC_WARN_64_TO_32_BIT_CONVERSION = YES;
				GCC_WARN_ABOUT_RETURN_TYPE = YES_ERROR;
				GCC_WARN_UNDECLARED_SELECTOR = YES;
				GCC_WARN_UNINITIALIZED_AUTOS = YES_AGGRESSIVE;
				GCC_WARN_UNUSED_FUNCTION = YES;
				GCC_WARN_UNUSED_VARIABLE = YES;
				IPHONEOS_DEPLOYMENT_TARGET = 10.1;
				MTL_ENABLE_DEBUG_INFO = NO;
				SDKROOT = iphoneos;
				SWIFT_OPTIMIZATION_LEVEL = "-O";
				TARGETED_DEVICE_FAMILY = "1,2";
				VALIDATE_PRODUCT = YES;
			};
			name = Release;
		};
		03705A241E7747190081AE75 /* Debug */ = {
			isa = XCBuildConfiguration;
			baseConfigurationReference = 3BB491B4B71BEFE67375BB08 /* Pods-VideoEditingController.debug.xcconfig */;
			buildSettings = {
				ASSETCATALOG_COMPILER_APPICON_NAME = AppIcon;
				DEVELOPMENT_TEAM = MK5EHZ24M9;
				INFOPLIST_FILE = VideoEditingController/Info.plist;
				LD_RUNPATH_SEARCH_PATHS = "$(inherited) @executable_path/Frameworks";
				PRODUCT_BUNDLE_IDENTIFIER = X.VideoEditingController;
				PRODUCT_NAME = "$(TARGET_NAME)";
				SWIFT_VERSION = 3.0;
			};
			name = Debug;
		};
		03705A251E7747190081AE75 /* Release */ = {
			isa = XCBuildConfiguration;
			baseConfigurationReference = 24DEC7CDE96A247C0C475E11 /* Pods-VideoEditingController.release.xcconfig */;
			buildSettings = {
				ASSETCATALOG_COMPILER_APPICON_NAME = AppIcon;
				DEVELOPMENT_TEAM = MK5EHZ24M9;
				INFOPLIST_FILE = VideoEditingController/Info.plist;
				LD_RUNPATH_SEARCH_PATHS = "$(inherited) @executable_path/Frameworks";
				PRODUCT_BUNDLE_IDENTIFIER = X.VideoEditingController;
				PRODUCT_NAME = "$(TARGET_NAME)";
				SWIFT_VERSION = 3.0;
			};
			name = Release;
		};
/* End XCBuildConfiguration section */

/* Begin XCConfigurationList section */
		03705A0C1E7747190081AE75 /* Build configuration list for PBXProject "VideoEditingController" */ = {
			isa = XCConfigurationList;
			buildConfigurations = (
				03705A211E7747190081AE75 /* Debug */,
				03705A221E7747190081AE75 /* Release */,
			);
			defaultConfigurationIsVisible = 0;
			defaultConfigurationName = Release;
		};
		03705A231E7747190081AE75 /* Build configuration list for PBXNativeTarget "VideoEditingController" */ = {
			isa = XCConfigurationList;
			buildConfigurations = (
				03705A241E7747190081AE75 /* Debug */,
				03705A251E7747190081AE75 /* Release */,
			);
			defaultConfigurationIsVisible = 0;
			defaultConfigurationName = Release;
		};
/* End XCConfigurationList section */
	};
	rootObject = 03705A091E7747190081AE75 /* Project object */;
}
